
Microsoft Visual Studio Solution File, Format Version 12.00
# Visual Studio Version 16
VisualStudioVersion = 16.0.29009.5
MinimumVisualStudioVersion = 10.0.40219.1
Project("{9A19103F-16F7-4668-BE54-9A1E7A4F7556}") = "Magicodes.HealthChecks", "src\Magicodes.HealthChecks\Magicodes.HealthChecks.csproj", "{5180C579-FC73-4365-A748-C1894CF92823}"
EndProject
Project("{9A19103F-16F7-4668-BE54-9A1E7A4F7556}") = "Web.Test", "src\Web.Test\Web.Test.csproj", "{70CD5D61-AEE5-4A74-BAD5-34BBB78F7B10}"
EndProject
Project("{FAE04EC0-301F-11D3-BF4B-00C04F79EFBC}") = "Magicodes.HealthChecks.Core", "Magicodes.HealthChecks.Core\Magicodes.HealthChecks.Core.csproj", "{31659AE8-82D4-4287-8DF9-F0C59177FF79}"
EndProject
Global
	GlobalSection(SolutionConfigurationPlatforms) = preSolution
		Debug|Any CPU = Debug|Any CPU
		Release|Any CPU = Release|Any CPU
	EndGlobalSection
	GlobalSection(ProjectConfigurationPlatforms) = postSolution
		{5180C579-FC73-4365-A748-C1894CF92823}.Debug|Any CPU.ActiveCfg = Debug|Any CPU
		{5180C579-FC73-4365-A748-C1894CF92823}.Debug|Any CPU.Build.0 = Debug|Any CPU
		{5180C579-FC73-4365-A748-C1894CF92823}.Release|Any CPU.ActiveCfg = Release|Any CPU
		{5180C579-FC73-4365-A748-C1894CF92823}.Release|Any CPU.Build.0 = Release|Any CPU
		{70CD5D61-AEE5-4A74-BAD5-34BBB78F7B10}.Debug|Any CPU.ActiveCfg = Debug|Any CPU
		{70CD5D61-AEE5-4A74-BAD5-34BBB78F7B10}.Debug|Any CPU.Build.0 = Debug|Any CPU
		{70CD5D61-AEE5-4A74-BAD5-34BBB78F7B10}.Release|Any CPU.ActiveCfg = Release|Any CPU
		{70CD5D61-AEE5-4A74-BAD5-34BBB78F7B10}.Release|Any CPU.Build.0 = Release|Any CPU
		{31659AE8-82D4-4287-8DF9-F0C59177FF79}.Debug|Any CPU.ActiveCfg = Debug|Any CPU
		{31659AE8-82D4-4287-8DF9-F0C59177FF79}.Debug|Any CPU.Build.0 = Debug|Any CPU
		{31659AE8-82D4-4287-8DF9-F0C59177FF79}.Release|Any CPU.ActiveCfg = Release|Any CPU
		{31659AE8-82D4-4287-8DF9-F0C59177FF79}.Release|Any CPU.Build.0 = Release|Any CPU
	EndGlobalSection
	GlobalSection(SolutionProperties) = preSolution
		HideSolutionNode = FALSE
	EndGlobalSection
	GlobalSection(ExtensibilityGlobals) = postSolution
		SolutionGuid = {210D0CB0-3270-43CC-AB0E-9943FE565CD3}
	EndGlobalSection
EndGlobal
