
Microsoft Visual Studio Solution File, Format Version 12.00
# Visual Studio 15
VisualStudioVersion = 15.0.28307.421
MinimumVisualStudioVersion = 10.0.40219.1
Project("{FAE04EC0-301F-11D3-BF4B-00C04F79EFBC}") = "Magicodes.HealthChecks", "src\Magicodes.HealthChecks\Magicodes.HealthChecks.csproj", "{5180C579-FC73-4365-A748-C1894CF92823}"
EndProject
Project("{FAE04EC0-301F-11D3-BF4B-00C04F79EFBC}") = "Web.Test", "src\Web.Test\Web.Test.csproj", "{70CD5D61-AEE5-4A74-BAD5-34BBB78F7B10}"
EndProject
Global
	GlobalSection(SolutionConfigurationPlatforms) = preSolution
		Debug|Any CPU = Debug|Any CPU
		Release|Any CPU = Release|Any CPU
	EndGlobalSection
	GlobalSection(ProjectConfigurationPlatforms) = postSolution
		{5180C579-FC73-4365-A748-C1894CF92823}.Debug|Any CPU.ActiveCfg = Debug|Any CPU
		{5180C579-FC73-4365-A748-C1894CF92823}.Debug|Any CPU.Build.0 = Debug|Any CPU
		{5180C579-FC73-4365-A748-C1894CF92823}.Release|Any CPU.ActiveCfg = Release|Any CPU
		{5180C579-FC73-4365-A748-C1894CF92823}.Release|Any CPU.Build.0 = Release|Any CPU
		{70CD5D61-AEE5-4A74-BAD5-34BBB78F7B10}.Debug|Any CPU.ActiveCfg = Debug|Any CPU
		{70CD5D61-AEE5-4A74-BAD5-34BBB78F7B10}.Debug|Any CPU.Build.0 = Debug|Any CPU
		{70CD5D61-AEE5-4A74-BAD5-34BBB78F7B10}.Release|Any CPU.ActiveCfg = Release|Any CPU
		{70CD5D61-AEE5-4A74-BAD5-34BBB78F7B10}.Release|Any CPU.Build.0 = Release|Any CPU
	EndGlobalSection
	GlobalSection(SolutionProperties) = preSolution
		HideSolutionNode = FALSE
	EndGlobalSection
	GlobalSection(ExtensibilityGlobals) = postSolution
		SolutionGuid = {210D0CB0-3270-43CC-AB0E-9943FE565CD3}
	EndGlobalSection
EndGlobal
